
Microsoft Visual Studio Solution File, Format Version 12.00
# Visual Studio Version 17
VisualStudioVersion = 17.14.36518.9 d17.14
MinimumVisualStudioVersion = 10.0.40219.1
Project("{8BC9CEB8-8B4A-11D0-8D11-00A0C91BC942}") = "laba_7", "laba_7\laba_7.vcxproj", "{69AC92FB-4244-4611-8838-B1D816B9EE52}"
EndProject
Global
	GlobalSection(SolutionConfigurationPlatforms) = preSolution
		Debug|x64 = Debug|x64
		Debug|x86 = Debug|x86
		Release|x64 = Release|x64
		Release|x86 = Release|x86
	EndGlobalSection
	GlobalSection(ProjectConfigurationPlatforms) = postSolution
		{69AC92FB-4244-4611-8838-B1D816B9EE52}.Debug|x64.ActiveCfg = Debug|x64
		{69AC92FB-4244-4611-8838-B1D816B9EE52}.Debug|x64.Build.0 = Debug|x64
		{69AC92FB-4244-4611-8838-B1D816B9EE52}.Debug|x86.ActiveCfg = Debug|Win32
		{69AC92FB-4244-4611-8838-B1D816B9EE52}.Debug|x86.Build.0 = Debug|Win32
		{69AC92FB-4244-4611-8838-B1D816B9EE52}.Release|x64.ActiveCfg = Release|x64
		{69AC92FB-4244-4611-8838-B1D816B9EE52}.Release|x64.Build.0 = Release|x64
		{69AC92FB-4244-4611-8838-B1D816B9EE52}.Release|x86.ActiveCfg = Release|Win32
		{69AC92FB-4244-4611-8838-B1D816B9EE52}.Release|x86.Build.0 = Release|Win32
	EndGlobalSection
	GlobalSection(SolutionProperties) = preSolution
		HideSolutionNode = FALSE
	EndGlobalSection
	GlobalSection(ExtensibilityGlobals) = postSolution
		SolutionGuid = {F67866FD-2642-46EA-B079-3AF305087259}
	EndGlobalSection
EndGlobal
